
Microsoft Visual Studio Solution File, Format Version 12.00
# Visual Studio Version 17
VisualStudioVersion = 17.9.34616.47
MinimumVisualStudioVersion = 10.0.40219.1
Project("{FAE04EC0-301F-11D3-BF4B-00C04F79EFBC}") = "Patterns_3", "Patterns_3.csproj", "{355E2B0A-A0EC-4B6F-BD2D-64311CB77175}"
EndProject
Global
	GlobalSection(SolutionConfigurationPlatforms) = preSolution
		Debug|Any CPU = Debug|Any CPU
		Release|Any CPU = Release|Any CPU
	EndGlobalSection
	GlobalSection(ProjectConfigurationPlatforms) = postSolution
		{355E2B0A-A0EC-4B6F-BD2D-64311CB77175}.Debug|Any CPU.ActiveCfg = Debug|Any CPU
		{355E2B0A-A0EC-4B6F-BD2D-64311CB77175}.Debug|Any CPU.Build.0 = Debug|Any CPU
		{355E2B0A-A0EC-4B6F-BD2D-64311CB77175}.Release|Any CPU.ActiveCfg = Release|Any CPU
		{355E2B0A-A0EC-4B6F-BD2D-64311CB77175}.Release|Any CPU.Build.0 = Release|Any CPU
	EndGlobalSection
	GlobalSection(SolutionProperties) = preSolution
		HideSolutionNode = FALSE
	EndGlobalSection
	GlobalSection(ExtensibilityGlobals) = postSolution
		SolutionGuid = {4665735F-7D5C-498B-83E8-2551BCBF5DD9}
	EndGlobalSection
EndGlobal
